{
    "requires": true,
    "lockfileVersion": 1,
    "dependencies": {
        "vue-facebook-login-component": {
            "version": "1.3.7",
            "resolved": "https://registry.npmjs.org/vue-facebook-login-component/-/vue-facebook-login-component-1.3.7.tgz",
            "integrity": "sha512-3ZNR73asxQ3Ln6EUoyYrPUb66wtqqTIhQ5hcpcltRxAHq/4WQppCWu/huf3+bQAJLD5A+8YSKBjxnn2WLsLfjA=="
        },
        "vuelidate": {
            "version": "0.7.4",
            "resolved": "https://registry.npmjs.org/vuelidate/-/vuelidate-0.7.4.tgz",
            "integrity": "sha512-QHZWYOL325Zo+2K7VBNEJTZ496Kd8Z31p85aQJFldKudUUGBmgw4zu4ghl4CyqPwjRCmqZ9lDdx4FSdMnu4fGg=="
        }
    }
}
